
Microsoft Visual Studio Solution File, Format Version 12.00
# Visual Studio Version 17
VisualStudioVersion = 17.7.34031.279
MinimumVisualStudioVersion = 10.0.40219.1
Project("{FAE04EC0-301F-11D3-BF4B-00C04F79EFBC}") = "DBrowser", "DBrowser\DBrowser.csproj", "{6EED9262-6C5C-4C36-B5B5-9B2EF0607473}"
EndProject
Global
	GlobalSection(SolutionConfigurationPlatforms) = preSolution
		Debug|Any CPU = Debug|Any CPU
		Release|Any CPU = Release|Any CPU
	EndGlobalSection
	GlobalSection(ProjectConfigurationPlatforms) = postSolution
		{6EED9262-6C5C-4C36-B5B5-9B2EF0607473}.Debug|Any CPU.ActiveCfg = Debug|Any CPU
		{6EED9262-6C5C-4C36-B5B5-9B2EF0607473}.Debug|Any CPU.Build.0 = Debug|Any CPU
		{6EED9262-6C5C-4C36-B5B5-9B2EF0607473}.Release|Any CPU.ActiveCfg = Release|Any CPU
		{6EED9262-6C5C-4C36-B5B5-9B2EF0607473}.Release|Any CPU.Build.0 = Release|Any CPU
	EndGlobalSection
	GlobalSection(SolutionProperties) = preSolution
		HideSolutionNode = FALSE
	EndGlobalSection
	GlobalSection(ExtensibilityGlobals) = postSolution
		SolutionGuid = {628B8BAC-0F96-4959-A043-4791D17E6BFA}
	EndGlobalSection
EndGlobal
